// !$*UTF8*$!
{
	archiveVersion = 1;
	classes = {
	};
	objectVersion = 56;
	objects = {

/* Begin PBXBuildFile section */
		B21E3ECB2C25971C0070FC29 /* IQKeyboardManagerSwift in Frameworks */ = {isa = PBXBuildFile; productRef = B21E3ECA2C25971C0070FC29 /* IQKeyboardManagerSwift */; };
		B259CEF22C255B8100505333 /* AppDelegate.swift in Sources */ = {isa = PBXBuildFile; fileRef = B259CEF12C255B8100505333 /* AppDelegate.swift */; };
		B259CEF42C255B8100505333 /* SceneDelegate.swift in Sources */ = {isa = PBXBuildFile; fileRef = B259CEF32C255B8100505333 /* SceneDelegate.swift */; };
		B259CEF62C255B8100505333 /* ViewController.swift in Sources */ = {isa = PBXBuildFile; fileRef = B259CEF52C255B8100505333 /* ViewController.swift */; };
		B259CEF92C255B8100505333 /* Base in Resources */ = {isa = PBXBuildFile; fileRef = B259CEF82C255B8100505333 /* Base */; };
		B259CEFC2C255B8100505333 /* E_Challen.xcdatamodeld in Sources */ = {isa = PBXBuildFile; fileRef = B259CEFA2C255B8100505333 /* E_Challen.xcdatamodeld */; };
		B259CEFE2C255B8200505333 /* Assets.xcassets in Resources */ = {isa = PBXBuildFile; fileRef = B259CEFD2C255B8200505333 /* Assets.xcassets */; };
		B259CF012C255B8200505333 /* Base in Resources */ = {isa = PBXBuildFile; fileRef = B259CF002C255B8200505333 /* Base */; };
		B259CF192C255C7000505333 /* Alert.swift in Sources */ = {isa = PBXBuildFile; fileRef = B259CF082C255C7000505333 /* Alert.swift */; };
		B259CF1A2C255C7000505333 /* BlurView.swift in Sources */ = {isa = PBXBuildFile; fileRef = B259CF092C255C7000505333 /* BlurView.swift */; };
		B259CF1B2C255C7000505333 /* CGPath.swift in Sources */ = {isa = PBXBuildFile; fileRef = B259CF0A2C255C7000505333 /* CGPath.swift */; };
		B259CF1C2C255C7000505333 /* Date.swift in Sources */ = {isa = PBXBuildFile; fileRef = B259CF0B2C255C7000505333 /* Date.swift */; };
		B259CF1D2C255C7000505333 /* DateHelper.swift in Sources */ = {isa = PBXBuildFile; fileRef = B259CF0C2C255C7000505333 /* DateHelper.swift */; };
		B259CF1E2C255C7000505333 /* Double.swift in Sources */ = {isa = PBXBuildFile; fileRef = B259CF0D2C255C7000505333 /* Double.swift */; };
		B259CF1F2C255C7000505333 /* DPTagTextView.swift in Sources */ = {isa = PBXBuildFile; fileRef = B259CF0E2C255C7000505333 /* DPTagTextView.swift */; };
		B259CF202C255C7000505333 /* Rechability.swift in Sources */ = {isa = PBXBuildFile; fileRef = B259CF0F2C255C7000505333 /* Rechability.swift */; };
		B259CF212C255C7000505333 /* String.swift in Sources */ = {isa = PBXBuildFile; fileRef = B259CF102C255C7000505333 /* String.swift */; };
		B259CF222C255C7000505333 /* TextField.swift in Sources */ = {isa = PBXBuildFile; fileRef = B259CF112C255C7000505333 /* TextField.swift */; };
		B259CF232C255C7000505333 /* UIColor.swift in Sources */ = {isa = PBXBuildFile; fileRef = B259CF122C255C7000505333 /* UIColor.swift */; };
		B259CF242C255C7000505333 /* UIImage.swift in Sources */ = {isa = PBXBuildFile; fileRef = B259CF132C255C7000505333 /* UIImage.swift */; };
		B259CF252C255C7000505333 /* UIImageView.swift in Sources */ = {isa = PBXBuildFile; fileRef = B259CF142C255C7000505333 /* UIImageView.swift */; };
		B259CF262C255C7000505333 /* UIView.swift in Sources */ = {isa = PBXBuildFile; fileRef = B259CF152C255C7000505333 /* UIView.swift */; };
		B259CF272C255C7000505333 /* UIViewController.swift in Sources */ = {isa = PBXBuildFile; fileRef = B259CF162C255C7000505333 /* UIViewController.swift */; };
		B259CF282C255C7000505333 /* UiViewDashLine.swift in Sources */ = {isa = PBXBuildFile; fileRef = B259CF172C255C7000505333 /* UiViewDashLine.swift */; };
		B259CF2D2C255E3400505333 /* Montserrat-Bold.ttf in Resources */ = {isa = PBXBuildFile; fileRef = B259CF292C255E3400505333 /* Montserrat-Bold.ttf */; };
		B259CF2E2C255E3400505333 /* Montserrat-Regular.ttf in Resources */ = {isa = PBXBuildFile; fileRef = B259CF2A2C255E3400505333 /* Montserrat-Regular.ttf */; };
		B259CF2F2C255E3400505333 /* OFL.txt in Resources */ = {isa = PBXBuildFile; fileRef = B259CF2B2C255E3400505333 /* OFL.txt */; };
		B26B73A12C2D4230005437ED /* SettingViewController.swift in Sources */ = {isa = PBXBuildFile; fileRef = B26B73A02C2D4230005437ED /* SettingViewController.swift */; };
		B270CD072C269914002A5F60 /* GoogleMobileAds in Frameworks */ = {isa = PBXBuildFile; productRef = B270CD062C269914002A5F60 /* GoogleMobileAds */; };
		B27831CF2C292D03008245BC /* UserdefaultHelper.swift in Sources */ = {isa = PBXBuildFile; fileRef = B27831CE2C292D03008245BC /* UserdefaultHelper.swift */; };
		B28FFC782C2BE72D0087C7DF /* Reachability.swift in Sources */ = {isa = PBXBuildFile; fileRef = B28FFC772C2BE72D0087C7DF /* Reachability.swift */; };
		B29E10C52C256C2E007E7F52 /* SplashViewController.swift in Sources */ = {isa = PBXBuildFile; fileRef = B29E10C42C256C2E007E7F52 /* SplashViewController.swift */; };
		B29E10C72C256C3F007E7F52 /* HomeViewController.swift in Sources */ = {isa = PBXBuildFile; fileRef = B29E10C62C256C3F007E7F52 /* HomeViewController.swift */; };
		B29E10C92C256C47007E7F52 /* SearchViewController.swift in Sources */ = {isa = PBXBuildFile; fileRef = B29E10C82C256C47007E7F52 /* SearchViewController.swift */; };
		B29E10CB2C256C7E007E7F52 /* HomeTableViewCell.swift in Sources */ = {isa = PBXBuildFile; fileRef = B29E10CA2C256C7E007E7F52 /* HomeTableViewCell.swift */; };
		B29E10CD2C256C8A007E7F52 /* SearchTableViewCell.swift in Sources */ = {isa = PBXBuildFile; fileRef = B29E10CC2C256C8A007E7F52 /* SearchTableViewCell.swift */; };
		B29E10D02C256E32007E7F52 /* Constants.swift in Sources */ = {isa = PBXBuildFile; fileRef = B29E10CF2C256E32007E7F52 /* Constants.swift */; };
		B29E10D22C257288007E7F52 /* CoreDataManager.swift in Sources */ = {isa = PBXBuildFile; fileRef = B29E10D12C257288007E7F52 /* CoreDataManager.swift */; };
		B29E10D42C2572AA007E7F52 /* Model.swift in Sources */ = {isa = PBXBuildFile; fileRef = B29E10D32C2572AA007E7F52 /* Model.swift */; };
/* End PBXBuildFile section */

/* Begin PBXFileReference section */
		B259CEEE2C255B8100505333 /* Surat E Memo.app */ = {isa = PBXFileReference; explicitFileType = wrapper.application; includeInIndex = 0; path = "Surat E Memo.app"; sourceTree = BUILT_PRODUCTS_DIR; };
		B259CEF12C255B8100505333 /* AppDelegate.swift */ = {isa = PBXFileReference; lastKnownFileType = sourcecode.swift; path = AppDelegate.swift; sourceTree = "<group>"; };
		B259CEF32C255B8100505333 /* SceneDelegate.swift */ = {isa = PBXFileReference; lastKnownFileType = sourcecode.swift; path = SceneDelegate.swift; sourceTree = "<group>"; };
		B259CEF52C255B8100505333 /* ViewController.swift */ = {isa = PBXFileReference; lastKnownFileType = sourcecode.swift; path = ViewController.swift; sourceTree = "<group>"; };
		B259CEF82C255B8100505333 /* Base */ = {isa = PBXFileReference; lastKnownFileType = file.storyboard; name = Base; path = Base.lproj/Main.storyboard; sourceTree = "<group>"; };
		B259CEFB2C255B8100505333 /* E_Challen.xcdatamodel */ = {isa = PBXFileReference; lastKnownFileType = wrapper.xcdatamodel; path = E_Challen.xcdatamodel; sourceTree = "<group>"; };
		B259CEFD2C255B8200505333 /* Assets.xcassets */ = {isa = PBXFileReference; lastKnownFileType = folder.assetcatalog; path = Assets.xcassets; sourceTree = "<group>"; };
		B259CF002C255B8200505333 /* Base */ = {isa = PBXFileReference; lastKnownFileType = file.storyboard; name = Base; path = Base.lproj/LaunchScreen.storyboard; sourceTree = "<group>"; };
		B259CF022C255B8200505333 /* Info.plist */ = {isa = PBXFileReference; lastKnownFileType = text.plist.xml; path = Info.plist; sourceTree = "<group>"; };
		B259CF082C255C7000505333 /* Alert.swift */ = {isa = PBXFileReference; fileEncoding = 4; lastKnownFileType = sourcecode.swift; path = Alert.swift; sourceTree = "<group>"; };
		B259CF092C255C7000505333 /* BlurView.swift */ = {isa = PBXFileReference; fileEncoding = 4; lastKnownFileType = sourcecode.swift; path = BlurView.swift; sourceTree = "<group>"; };
		B259CF0A2C255C7000505333 /* CGPath.swift */ = {isa = PBXFileReference; fileEncoding = 4; lastKnownFileType = sourcecode.swift; path = CGPath.swift; sourceTree = "<group>"; };
		B259CF0B2C255C7000505333 /* Date.swift */ = {isa = PBXFileReference; fileEncoding = 4; lastKnownFileType = sourcecode.swift; path = Date.swift; sourceTree = "<group>"; };
		B259CF0C2C255C7000505333 /* DateHelper.swift */ = {isa = PBXFileReference; fileEncoding = 4; lastKnownFileType = sourcecode.swift; path = DateHelper.swift; sourceTree = "<group>"; };
		B259CF0D2C255C7000505333 /* Double.swift */ = {isa = PBXFileReference; fileEncoding = 4; lastKnownFileType = sourcecode.swift; path = Double.swift; sourceTree = "<group>"; };
		B259CF0E2C255C7000505333 /* DPTagTextView.swift */ = {isa = PBXFileReference; fileEncoding = 4; lastKnownFileType = sourcecode.swift; path = DPTagTextView.swift; sourceTree = "<group>"; };
		B259CF0F2C255C7000505333 /* Rechability.swift */ = {isa = PBXFileReference; fileEncoding = 4; lastKnownFileType = sourcecode.swift; path = Rechability.swift; sourceTree = "<group>"; };
		B259CF102C255C7000505333 /* String.swift */ = {isa = PBXFileReference; fileEncoding = 4; lastKnownFileType = sourcecode.swift; path = String.swift; sourceTree = "<group>"; };
		B259CF112C255C7000505333 /* TextField.swift */ = {isa = PBXFileReference; fileEncoding = 4; lastKnownFileType = sourcecode.swift; path = TextField.swift; sourceTree = "<group>"; };
		B259CF122C255C7000505333 /* UIColor.swift */ = {isa = PBXFileReference; fileEncoding = 4; lastKnownFileType = sourcecode.swift; path = UIColor.swift; sourceTree = "<group>"; };
		B259CF132C255C7000505333 /* UIImage.swift */ = {isa = PBXFileReference; fileEncoding = 4; lastKnownFileType = sourcecode.swift; path = UIImage.swift; sourceTree = "<group>"; };
		B259CF142C255C7000505333 /* UIImageView.swift */ = {isa = PBXFileReference; fileEncoding = 4; lastKnownFileType = sourcecode.swift; path = UIImageView.swift; sourceTree = "<group>"; };
		B259CF152C255C7000505333 /* UIView.swift */ = {isa = PBXFileReference; fileEncoding = 4; lastKnownFileType = sourcecode.swift; path = UIView.swift; sourceTree = "<group>"; };
		B259CF162C255C7000505333 /* UIViewController.swift */ = {isa = PBXFileReference; fileEncoding = 4; lastKnownFileType = sourcecode.swift; path = UIViewController.swift; sourceTree = "<group>"; };
		B259CF172C255C7000505333 /* UiViewDashLine.swift */ = {isa = PBXFileReference; fileEncoding = 4; lastKnownFileType = sourcecode.swift; path = UiViewDashLine.swift; sourceTree = "<group>"; };
		B259CF292C255E3400505333 /* Montserrat-Bold.ttf */ = {isa = PBXFileReference; lastKnownFileType = file; path = "Montserrat-Bold.ttf"; sourceTree = "<group>"; };
		B259CF2A2C255E3400505333 /* Montserrat-Regular.ttf */ = {isa = PBXFileReference; lastKnownFileType = file; path = "Montserrat-Regular.ttf"; sourceTree = "<group>"; };
		B259CF2B2C255E3400505333 /* OFL.txt */ = {isa = PBXFileReference; fileEncoding = 4; lastKnownFileType = text; path = OFL.txt; sourceTree = "<group>"; };
		B26B73A02C2D4230005437ED /* SettingViewController.swift */ = {isa = PBXFileReference; lastKnownFileType = sourcecode.swift; path = SettingViewController.swift; sourceTree = "<group>"; };
		B27831CE2C292D03008245BC /* UserdefaultHelper.swift */ = {isa = PBXFileReference; lastKnownFileType = sourcecode.swift; path = UserdefaultHelper.swift; sourceTree = "<group>"; };
		B28FFC772C2BE72D0087C7DF /* Reachability.swift */ = {isa = PBXFileReference; fileEncoding = 4; lastKnownFileType = sourcecode.swift; path = Reachability.swift; sourceTree = "<group>"; };
		B29E10C42C256C2E007E7F52 /* SplashViewController.swift */ = {isa = PBXFileReference; lastKnownFileType = sourcecode.swift; path = SplashViewController.swift; sourceTree = "<group>"; };
		B29E10C62C256C3F007E7F52 /* HomeViewController.swift */ = {isa = PBXFileReference; lastKnownFileType = sourcecode.swift; path = HomeViewController.swift; sourceTree = "<group>"; };
		B29E10C82C256C47007E7F52 /* SearchViewController.swift */ = {isa = PBXFileReference; lastKnownFileType = sourcecode.swift; path = SearchViewController.swift; sourceTree = "<group>"; };
		B29E10CA2C256C7E007E7F52 /* HomeTableViewCell.swift */ = {isa = PBXFileReference; lastKnownFileType = sourcecode.swift; path = HomeTableViewCell.swift; sourceTree = "<group>"; };
		B29E10CC2C256C8A007E7F52 /* SearchTableViewCell.swift */ = {isa = PBXFileReference; lastKnownFileType = sourcecode.swift; path = SearchTableViewCell.swift; sourceTree = "<group>"; };
		B29E10CF2C256E32007E7F52 /* Constants.swift */ = {isa = PBXFileReference; lastKnownFileType = sourcecode.swift; path = Constants.swift; sourceTree = "<group>"; };
		B29E10D12C257288007E7F52 /* CoreDataManager.swift */ = {isa = PBXFileReference; lastKnownFileType = sourcecode.swift; path = CoreDataManager.swift; sourceTree = "<group>"; };
		B29E10D32C2572AA007E7F52 /* Model.swift */ = {isa = PBXFileReference; lastKnownFileType = sourcecode.swift; path = Model.swift; sourceTree = "<group>"; };
/* End PBXFileReference section */

/* Begin PBXFrameworksBuildPhase section */
		B259CEEB2C255B8100505333 /* Frameworks */ = {
			isa = PBXFrameworksBuildPhase;
			buildActionMask = 2147483647;
			files = (
				B270CD072C269914002A5F60 /* GoogleMobileAds in Frameworks */,
				B21E3ECB2C25971C0070FC29 /* IQKeyboardManagerSwift in Frameworks */,
			);
			runOnlyForDeploymentPostprocessing = 0;
		};
/* End PBXFrameworksBuildPhase section */

/* Begin PBXGroup section */
		B259CEE52C255B8100505333 = {
			isa = PBXGroup;
			children = (
				B259CEF02C255B8100505333 /* E_Challen */,
				B259CEEF2C255B8100505333 /* Products */,
			);
			sourceTree = "<group>";
		};
		B259CEEF2C255B8100505333 /* Products */ = {
			isa = PBXGroup;
			children = (
				B259CEEE2C255B8100505333 /* Surat E Memo.app */,
			);
			name = Products;
			sourceTree = "<group>";
		};
		B259CEF02C255B8100505333 /* E_Challen */ = {
			isa = PBXGroup;
			children = (
				B29E10CE2C256E23007E7F52 /* Model */,
				B29E10C32C256C13007E7F52 /* controllers */,
				B259CF2C2C255E3400505333 /* montserrat */,
				B259CF182C255C7000505333 /* Extension */,
				B259CEF72C255B8100505333 /* Main.storyboard */,
				B259CEFD2C255B8200505333 /* Assets.xcassets */,
				B259CEFF2C255B8200505333 /* LaunchScreen.storyboard */,
				B259CF022C255B8200505333 /* Info.plist */,
				B259CEFA2C255B8100505333 /* E_Challen.xcdatamodeld */,
			);
			path = E_Challen;
			sourceTree = "<group>";
		};
		B259CF182C255C7000505333 /* Extension */ = {
			isa = PBXGroup;
			children = (
				B259CF082C255C7000505333 /* Alert.swift */,
				B259CF092C255C7000505333 /* BlurView.swift */,
				B259CF0A2C255C7000505333 /* CGPath.swift */,
				B259CF0B2C255C7000505333 /* Date.swift */,
				B259CF0C2C255C7000505333 /* DateHelper.swift */,
				B259CF0D2C255C7000505333 /* Double.swift */,
				B259CF0E2C255C7000505333 /* DPTagTextView.swift */,
				B259CF0F2C255C7000505333 /* Rechability.swift */,
				B259CF102C255C7000505333 /* String.swift */,
				B259CF112C255C7000505333 /* TextField.swift */,
				B259CF122C255C7000505333 /* UIColor.swift */,
				B259CF132C255C7000505333 /* UIImage.swift */,
				B259CF142C255C7000505333 /* UIImageView.swift */,
				B259CF152C255C7000505333 /* UIView.swift */,
				B259CF162C255C7000505333 /* UIViewController.swift */,
				B259CF172C255C7000505333 /* UiViewDashLine.swift */,
			);
			path = Extension;
			sourceTree = "<group>";
		};
		B259CF2C2C255E3400505333 /* montserrat */ = {
			isa = PBXGroup;
			children = (
				B259CF292C255E3400505333 /* Montserrat-Bold.ttf */,
				B259CF2A2C255E3400505333 /* Montserrat-Regular.ttf */,
				B259CF2B2C255E3400505333 /* OFL.txt */,
			);
			path = montserrat;
			sourceTree = "<group>";
		};
		B29E10C32C256C13007E7F52 /* controllers */ = {
			isa = PBXGroup;
			children = (
				B259CEF32C255B8100505333 /* SceneDelegate.swift */,
				B26B73A02C2D4230005437ED /* SettingViewController.swift */,
				B259CEF12C255B8100505333 /* AppDelegate.swift */,
				B259CEF52C255B8100505333 /* ViewController.swift */,
				B29E10C42C256C2E007E7F52 /* SplashViewController.swift */,
				B29E10C62C256C3F007E7F52 /* HomeViewController.swift */,
				B29E10C82C256C47007E7F52 /* SearchViewController.swift */,
				B29E10CA2C256C7E007E7F52 /* HomeTableViewCell.swift */,
				B29E10CC2C256C8A007E7F52 /* SearchTableViewCell.swift */,
			);
			path = controllers;
			sourceTree = "<group>";
		};
		B29E10CE2C256E23007E7F52 /* Model */ = {
			isa = PBXGroup;
			children = (
				B29E10CF2C256E32007E7F52 /* Constants.swift */,
				B27831CE2C292D03008245BC /* UserdefaultHelper.swift */,
				B29E10D12C257288007E7F52 /* CoreDataManager.swift */,
				B29E10D32C2572AA007E7F52 /* Model.swift */,
				B28FFC772C2BE72D0087C7DF /* Reachability.swift */,
			);
			path = Model;
			sourceTree = "<group>";
		};
/* End PBXGroup section */

/* Begin PBXNativeTarget section */
		B259CEED2C255B8100505333 /* Surat E Memo */ = {
			isa = PBXNativeTarget;
			buildConfigurationList = B259CF052C255B8200505333 /* Build configuration list for PBXNativeTarget "Surat E Memo" */;
			buildPhases = (
				B259CEEA2C255B8100505333 /* Sources */,
				B259CEEB2C255B8100505333 /* Frameworks */,
				B259CEEC2C255B8100505333 /* Resources */,
			);
			buildRules = (
			);
			dependencies = (
			);
			name = "Surat E Memo";
			packageProductDependencies = (
				B21E3ECA2C25971C0070FC29 /* IQKeyboardManagerSwift */,
				B270CD062C269914002A5F60 /* GoogleMobileAds */,
			);
			productName = E_Challen;
			productReference = B259CEEE2C255B8100505333 /* Surat E Memo.app */;
			productType = "com.apple.product-type.application";
		};
/* End PBXNativeTarget section */

/* Begin PBXProject section */
		B259CEE62C255B8100505333 /* Project object */ = {
			isa = PBXProject;
			attributes = {
				BuildIndependentTargetsInParallel = 1;
				LastSwiftUpdateCheck = 1530;
				LastUpgradeCheck = 1530;
				TargetAttributes = {
					B259CEED2C255B8100505333 = {
						CreatedOnToolsVersion = 15.3;
					};
				};
			};
			buildConfigurationList = B259CEE92C255B8100505333 /* Build configuration list for PBXProject "Surat E Memo" */;
			compatibilityVersion = "Xcode 14.0";
			developmentRegion = en;
			hasScannedForEncodings = 0;
			knownRegions = (
				en,
				Base,
			);
			mainGroup = B259CEE52C255B8100505333;
			packageReferences = (
				B21E3EC92C25971C0070FC29 /* XCRemoteSwiftPackageReference "IQKeyboardManager" */,
				B270CD052C269914002A5F60 /* XCRemoteSwiftPackageReference "swift-package-manager-google-mobile-ads" */,
			);
			productRefGroup = B259CEEF2C255B8100505333 /* Products */;
			projectDirPath = "";
			projectRoot = "";
			targets = (
				B259CEED2C255B8100505333 /* Surat E Memo */,
			);
		};
/* End PBXProject section */

/* Begin PBXResourcesBuildPhase section */
		B259CEEC2C255B8100505333 /* Resources */ = {
			isa = PBXResourcesBuildPhase;
			buildActionMask = 2147483647;
			files = (
				B259CF2F2C255E3400505333 /* OFL.txt in Resources */,
				B259CF2D2C255E3400505333 /* Montserrat-Bold.ttf in Resources */,
				B259CEFE2C255B8200505333 /* Assets.xcassets in Resources */,
				B259CF012C255B8200505333 /* Base in Resources */,
				B259CF2E2C255E3400505333 /* Montserrat-Regular.ttf in Resources */,
				B259CEF92C255B8100505333 /* Base in Resources */,
			);
			runOnlyForDeploymentPostprocessing = 0;
		};
/* End PBXResourcesBuildPhase section */

/* Begin PBXSourcesBuildPhase section */
		B259CEEA2C255B8100505333 /* Sources */ = {
			isa = PBXSourcesBuildPhase;
			buildActionMask = 2147483647;
			files = (
				B259CF282C255C7000505333 /* UiViewDashLine.swift in Sources */,
				B259CF202C255C7000505333 /* Rechability.swift in Sources */,
				B259CF212C255C7000505333 /* String.swift in Sources */,
				B259CEF62C255B8100505333 /* ViewController.swift in Sources */,
				B259CF272C255C7000505333 /* UIViewController.swift in Sources */,
				B259CF222C255C7000505333 /* TextField.swift in Sources */,
				B29E10D22C257288007E7F52 /* CoreDataManager.swift in Sources */,
				B29E10D42C2572AA007E7F52 /* Model.swift in Sources */,
				B28FFC782C2BE72D0087C7DF /* Reachability.swift in Sources */,
				B29E10CB2C256C7E007E7F52 /* HomeTableViewCell.swift in Sources */,
				B29E10D02C256E32007E7F52 /* Constants.swift in Sources */,
				B259CF232C255C7000505333 /* UIColor.swift in Sources */,
				B29E10C72C256C3F007E7F52 /* HomeViewController.swift in Sources */,
				B259CEFC2C255B8100505333 /* E_Challen.xcdatamodeld in Sources */,
				B27831CF2C292D03008245BC /* UserdefaultHelper.swift in Sources */,
				B259CEF22C255B8100505333 /* AppDelegate.swift in Sources */,
				B259CF1C2C255C7000505333 /* Date.swift in Sources */,
				B259CF1F2C255C7000505333 /* DPTagTextView.swift in Sources */,
				B259CF242C255C7000505333 /* UIImage.swift in Sources */,
				B29E10C92C256C47007E7F52 /* SearchViewController.swift in Sources */,
				B29E10C52C256C2E007E7F52 /* SplashViewController.swift in Sources */,
				B259CF192C255C7000505333 /* Alert.swift in Sources */,
				B259CF1B2C255C7000505333 /* CGPath.swift in Sources */,
				B259CF1D2C255C7000505333 /* DateHelper.swift in Sources */,
				B29E10CD2C256C8A007E7F52 /* SearchTableViewCell.swift in Sources */,
				B259CEF42C255B8100505333 /* SceneDelegate.swift in Sources */,
				B26B73A12C2D4230005437ED /* SettingViewController.swift in Sources */,
				B259CF1E2C255C7000505333 /* Double.swift in Sources */,
				B259CF252C255C7000505333 /* UIImageView.swift in Sources */,
				B259CF262C255C7000505333 /* UIView.swift in Sources */,
				B259CF1A2C255C7000505333 /* BlurView.swift in Sources */,
			);
			runOnlyForDeploymentPostprocessing = 0;
		};
/* End PBXSourcesBuildPhase section */

/* Begin PBXVariantGroup section */
		B259CEF72C255B8100505333 /* Main.storyboard */ = {
			isa = PBXVariantGroup;
			children = (
				B259CEF82C255B8100505333 /* Base */,
			);
			name = Main.storyboard;
			sourceTree = "<group>";
		};
		B259CEFF2C255B8200505333 /* LaunchScreen.storyboard */ = {
			isa = PBXVariantGroup;
			children = (
				B259CF002C255B8200505333 /* Base */,
			);
			name = LaunchScreen.storyboard;
			sourceTree = "<group>";
		};
/* End PBXVariantGroup section */

/* Begin XCBuildConfiguration section */
		B259CF032C255B8200505333 /* Debug */ = {
			isa = XCBuildConfiguration;
			buildSettings = {
				ALWAYS_SEARCH_USER_PATHS = NO;
				ASSETCATALOG_COMPILER_GENERATE_SWIFT_ASSET_SYMBOL_EXTENSIONS = YES;
				CLANG_ANALYZER_NONNULL = YES;
				CLANG_ANALYZER_NUMBER_OBJECT_CONVERSION = YES_AGGRESSIVE;
				CLANG_CXX_LANGUAGE_STANDARD = "gnu++20";
				CLANG_ENABLE_MODULES = YES;
				CLANG_ENABLE_OBJC_ARC = YES;
				CLANG_ENABLE_OBJC_WEAK = YES;
				CLANG_WARN_BLOCK_CAPTURE_AUTORELEASING = YES;
				CLANG_WARN_BOOL_CONVERSION = YES;
				CLANG_WARN_COMMA = YES;
				CLANG_WARN_CONSTANT_CONVERSION = YES;
				CLANG_WARN_DEPRECATED_OBJC_IMPLEMENTATIONS = YES;
				CLANG_WARN_DIRECT_OBJC_ISA_USAGE = YES_ERROR;
				CLANG_WARN_DOCUMENTATION_COMMENTS = YES;
				CLANG_WARN_EMPTY_BODY = YES;
				CLANG_WARN_ENUM_CONVERSION = YES;
				CLANG_WARN_INFINITE_RECURSION = YES;
				CLANG_WARN_INT_CONVERSION = YES;
				CLANG_WARN_NON_LITERAL_NULL_CONVERSION = YES;
				CLANG_WARN_OBJC_IMPLICIT_RETAIN_SELF = YES;
				CLANG_WARN_OBJC_LITERAL_CONVERSION = YES;
				CLANG_WARN_OBJC_ROOT_CLASS = YES_ERROR;
				CLANG_WARN_QUOTED_INCLUDE_IN_FRAMEWORK_HEADER = YES;
				CLANG_WARN_RANGE_LOOP_ANALYSIS = YES;
				CLANG_WARN_STRICT_PROTOTYPES = YES;
				CLANG_WARN_SUSPICIOUS_MOVE = YES;
				CLANG_WARN_UNGUARDED_AVAILABILITY = YES_AGGRESSIVE;
				CLANG_WARN_UNREACHABLE_CODE = YES;
				CLANG_WARN__DUPLICATE_METHOD_MATCH = YES;
				COPY_PHASE_STRIP = NO;
				DEBUG_INFORMATION_FORMAT = dwarf;
				ENABLE_STRICT_OBJC_MSGSEND = YES;
				ENABLE_TESTABILITY = YES;
				ENABLE_USER_SCRIPT_SANDBOXING = YES;
				GCC_C_LANGUAGE_STANDARD = gnu17;
				GCC_DYNAMIC_NO_PIC = NO;
				GCC_NO_COMMON_BLOCKS = YES;
				GCC_OPTIMIZATION_LEVEL = 0;
				GCC_PREPROCESSOR_DEFINITIONS = (
					"DEBUG=1",
					"$(inherited)",
				);
				GCC_WARN_64_TO_32_BIT_CONVERSION = YES;
				GCC_WARN_ABOUT_RETURN_TYPE = YES_ERROR;
				GCC_WARN_UNDECLARED_SELECTOR = YES;
				GCC_WARN_UNINITIALIZED_AUTOS = YES_AGGRESSIVE;
				GCC_WARN_UNUSED_FUNCTION = YES;
				GCC_WARN_UNUSED_VARIABLE = YES;
				IPHONEOS_DEPLOYMENT_TARGET = 17.4;
				LOCALIZATION_PREFERS_STRING_CATALOGS = YES;
				MTL_ENABLE_DEBUG_INFO = INCLUDE_SOURCE;
				MTL_FAST_MATH = YES;
				ONLY_ACTIVE_ARCH = YES;
				SDKROOT = iphoneos;
				SWIFT_ACTIVE_COMPILATION_CONDITIONS = "DEBUG $(inherited)";
				SWIFT_OPTIMIZATION_LEVEL = "-Onone";
			};
			name = Debug;
		};
		B259CF042C255B8200505333 /* Release */ = {
			isa = XCBuildConfiguration;
			buildSettings = {
				ALWAYS_SEARCH_USER_PATHS = NO;
				ASSETCATALOG_COMPILER_GENERATE_SWIFT_ASSET_SYMBOL_EXTENSIONS = YES;
				CLANG_ANALYZER_NONNULL = YES;
				CLANG_ANALYZER_NUMBER_OBJECT_CONVERSION = YES_AGGRESSIVE;
				CLANG_CXX_LANGUAGE_STANDARD = "gnu++20";
				CLANG_ENABLE_MODULES = YES;
				CLANG_ENABLE_OBJC_ARC = YES;
				CLANG_ENABLE_OBJC_WEAK = YES;
				CLANG_WARN_BLOCK_CAPTURE_AUTORELEASING = YES;
				CLANG_WARN_BOOL_CONVERSION = YES;
				CLANG_WARN_COMMA = YES;
				CLANG_WARN_CONSTANT_CONVERSION = YES;
				CLANG_WARN_DEPRECATED_OBJC_IMPLEMENTATIONS = YES;
				CLANG_WARN_DIRECT_OBJC_ISA_USAGE = YES_ERROR;
				CLANG_WARN_DOCUMENTATION_COMMENTS = YES;
				CLANG_WARN_EMPTY_BODY = YES;
				CLANG_WARN_ENUM_CONVERSION = YES;
				CLANG_WARN_INFINITE_RECURSION = YES;
				CLANG_WARN_INT_CONVERSION = YES;
				CLANG_WARN_NON_LITERAL_NULL_CONVERSION = YES;
				CLANG_WARN_OBJC_IMPLICIT_RETAIN_SELF = YES;
				CLANG_WARN_OBJC_LITERAL_CONVERSION = YES;
				CLANG_WARN_OBJC_ROOT_CLASS = YES_ERROR;
				CLANG_WARN_QUOTED_INCLUDE_IN_FRAMEWORK_HEADER = YES;
				CLANG_WARN_RANGE_LOOP_ANALYSIS = YES;
				CLANG_WARN_STRICT_PROTOTYPES = YES;
				CLANG_WARN_SUSPICIOUS_MOVE = YES;
				CLANG_WARN_UNGUARDED_AVAILABILITY = YES_AGGRESSIVE;
				CLANG_WARN_UNREACHABLE_CODE = YES;
				CLANG_WARN__DUPLICATE_METHOD_MATCH = YES;
				COPY_PHASE_STRIP = NO;
				DEBUG_INFORMATION_FORMAT = "dwarf-with-dsym";
				ENABLE_NS_ASSERTIONS = NO;
				ENABLE_STRICT_OBJC_MSGSEND = YES;
				ENABLE_USER_SCRIPT_SANDBOXING = YES;
				GCC_C_LANGUAGE_STANDARD = gnu17;
				GCC_NO_COMMON_BLOCKS = YES;
				GCC_WARN_64_TO_32_BIT_CONVERSION = YES;
				GCC_WARN_ABOUT_RETURN_TYPE = YES_ERROR;
				GCC_WARN_UNDECLARED_SELECTOR = YES;
				GCC_WARN_UNINITIALIZED_AUTOS = YES_AGGRESSIVE;
				GCC_WARN_UNUSED_FUNCTION = YES;
				GCC_WARN_UNUSED_VARIABLE = YES;
				IPHONEOS_DEPLOYMENT_TARGET = 17.4;
				LOCALIZATION_PREFERS_STRING_CATALOGS = YES;
				MTL_ENABLE_DEBUG_INFO = NO;
				MTL_FAST_MATH = YES;
				SDKROOT = iphoneos;
				SWIFT_COMPILATION_MODE = wholemodule;
				VALIDATE_PRODUCT = YES;
			};
			name = Release;
		};
		B259CF062C255B8200505333 /* Debug */ = {
			isa = XCBuildConfiguration;
			buildSettings = {
				ASSETCATALOG_COMPILER_APPICON_NAME = AppIcon;
				ASSETCATALOG_COMPILER_GLOBAL_ACCENT_COLOR_NAME = AccentColor;
				"CODE_SIGN_IDENTITY[sdk=iphoneos*]" = "iPhone Distribution";
				CODE_SIGN_STYLE = Manual;
				CURRENT_PROJECT_VERSION = 2;
				DEVELOPMENT_TEAM = "";
				"DEVELOPMENT_TEAM[sdk=iphoneos*]" = DR3239T4NF;
				GENERATE_INFOPLIST_FILE = YES;
				INFOPLIST_FILE = E_Challen/Info.plist;
				INFOPLIST_KEY_UIApplicationSupportsIndirectInputEvents = YES;
				INFOPLIST_KEY_UILaunchStoryboardName = LaunchScreen;
				INFOPLIST_KEY_UIMainStoryboardFile = Main;
				INFOPLIST_KEY_UIRequiresFullScreen = YES;
				INFOPLIST_KEY_UISupportedInterfaceOrientations = UIInterfaceOrientationPortrait;
				INFOPLIST_KEY_UISupportedInterfaceOrientations_iPad = "UIInterfaceOrientationPortrait UIInterfaceOrientationPortraitUpsideDown";
				INFOPLIST_KEY_UIUserInterfaceStyle = Light;
				IPHONEOS_DEPLOYMENT_TARGET = 14.0;
				LD_RUNPATH_SEARCH_PATHS = (
					"$(inherited)",
					"@executable_path/Frameworks",
				);
				MARKETING_VERSION = 1.0;
				OTHER_LDFLAGS = "-ObjC";
				PRODUCT_BUNDLE_IDENTIFIER = in.surat.ememo;
				PRODUCT_NAME = "Surat E Memo";
				PROVISIONING_PROFILE_SPECIFIER = "";
				"PROVISIONING_PROFILE_SPECIFIER[sdk=iphoneos*]" = Ememo_Distribution_Profile;
				SUPPORTED_PLATFORMS = "iphoneos iphonesimulator";
				SUPPORTS_MACCATALYST = NO;
				SUPPORTS_MAC_DESIGNED_FOR_IPHONE_IPAD = NO;
				SUPPORTS_XR_DESIGNED_FOR_IPHONE_IPAD = NO;
				SWIFT_EMIT_LOC_STRINGS = YES;
				SWIFT_VERSION = 5.0;
				TARGETED_DEVICE_FAMILY = 1;
			};
			name = Debug;
		};
		B259CF072C255B8200505333 /* Release */ = {
			isa = XCBuildConfiguration;
			buildSettings = {
				ASSETCATALOG_COMPILER_APPICON_NAME = AppIcon;
				ASSETCATALOG_COMPILER_GLOBAL_ACCENT_COLOR_NAME = AccentColor;
				"CODE_SIGN_IDENTITY[sdk=iphoneos*]" = "iPhone Distribution";
				CODE_SIGN_STYLE = Manual;
				CURRENT_PROJECT_VERSION = 2;
				DEVELOPMENT_TEAM = "";
				"DEVELOPMENT_TEAM[sdk=iphoneos*]" = DR3239T4NF;
				GENERATE_INFOPLIST_FILE = YES;
				INFOPLIST_FILE = E_Challen/Info.plist;
				INFOPLIST_KEY_UIApplicationSupportsIndirectInputEvents = YES;
				INFOPLIST_KEY_UILaunchStoryboardName = LaunchScreen;
				INFOPLIST_KEY_UIMainStoryboardFile = Main;
				INFOPLIST_KEY_UIRequiresFullScreen = YES;
				INFOPLIST_KEY_UISupportedInterfaceOrientations = UIInterfaceOrientationPortrait;
				INFOPLIST_KEY_UISupportedInterfaceOrientations_iPad = "UIInterfaceOrientationPortrait UIInterfaceOrientationPortraitUpsideDown";
				INFOPLIST_KEY_UIUserInterfaceStyle = Light;
				IPHONEOS_DEPLOYMENT_TARGET = 14.0;
				LD_RUNPATH_SEARCH_PATHS = (
					"$(inherited)",
					"@executable_path/Frameworks",
				);
				MARKETING_VERSION = 1.0;
				OTHER_LDFLAGS = "-ObjC";
				PRODUCT_BUNDLE_IDENTIFIER = in.surat.ememo;
				PRODUCT_NAME = "Surat E Memo";
				PROVISIONING_PROFILE_SPECIFIER = "";
				"PROVISIONING_PROFILE_SPECIFIER[sdk=iphoneos*]" = Ememo_Distribution_Profile;
				SUPPORTED_PLATFORMS = "iphoneos iphonesimulator";
				SUPPORTS_MACCATALYST = NO;
				SUPPORTS_MAC_DESIGNED_FOR_IPHONE_IPAD = NO;
				SUPPORTS_XR_DESIGNED_FOR_IPHONE_IPAD = NO;
				SWIFT_EMIT_LOC_STRINGS = YES;
				SWIFT_VERSION = 5.0;
				TARGETED_DEVICE_FAMILY = 1;
			};
			name = Release;
		};
/* End XCBuildConfiguration section */

/* Begin XCConfigurationList section */
		B259CEE92C255B8100505333 /* Build configuration list for PBXProject "Surat E Memo" */ = {
			isa = XCConfigurationList;
			buildConfigurations = (
				B259CF032C255B8200505333 /* Debug */,
				B259CF042C255B8200505333 /* Release */,
			);
			defaultConfigurationIsVisible = 0;
			defaultConfigurationName = Release;
		};
		B259CF052C255B8200505333 /* Build configuration list for PBXNativeTarget "Surat E Memo" */ = {
			isa = XCConfigurationList;
			buildConfigurations = (
				B259CF062C255B8200505333 /* Debug */,
				B259CF072C255B8200505333 /* Release */,
			);
			defaultConfigurationIsVisible = 0;
			defaultConfigurationName = Release;
		};
/* End XCConfigurationList section */

/* Begin XCRemoteSwiftPackageReference section */
		B21E3EC92C25971C0070FC29 /* XCRemoteSwiftPackageReference "IQKeyboardManager" */ = {
			isa = XCRemoteSwiftPackageReference;
			repositoryURL = "https://github.com/hackiftekhar/IQKeyboardManager.git";
			requirement = {
				kind = upToNextMajorVersion;
				minimumVersion = 7.0.3;
			};
		};
		B270CD052C269914002A5F60 /* XCRemoteSwiftPackageReference "swift-package-manager-google-mobile-ads" */ = {
			isa = XCRemoteSwiftPackageReference;
			repositoryURL = "https://github.com/googleads/swift-package-manager-google-mobile-ads.git";
			requirement = {
				kind = upToNextMajorVersion;
				minimumVersion = 11.6.0;
			};
		};
/* End XCRemoteSwiftPackageReference section */

/* Begin XCSwiftPackageProductDependency section */
		B21E3ECA2C25971C0070FC29 /* IQKeyboardManagerSwift */ = {
			isa = XCSwiftPackageProductDependency;
			package = B21E3EC92C25971C0070FC29 /* XCRemoteSwiftPackageReference "IQKeyboardManager" */;
			productName = IQKeyboardManagerSwift;
		};
		B270CD062C269914002A5F60 /* GoogleMobileAds */ = {
			isa = XCSwiftPackageProductDependency;
			package = B270CD052C269914002A5F60 /* XCRemoteSwiftPackageReference "swift-package-manager-google-mobile-ads" */;
			productName = GoogleMobileAds;
		};
/* End XCSwiftPackageProductDependency section */

/* Begin XCVersionGroup section */
		B259CEFA2C255B8100505333 /* E_Challen.xcdatamodeld */ = {
			isa = XCVersionGroup;
			children = (
				B259CEFB2C255B8100505333 /* E_Challen.xcdatamodel */,
			);
			currentVersion = B259CEFB2C255B8100505333 /* E_Challen.xcdatamodel */;
			path = E_Challen.xcdatamodeld;
			sourceTree = "<group>";
			versionGroupType = wrapper.xcdatamodel;
		};
/* End XCVersionGroup section */
	};
	rootObject = B259CEE62C255B8100505333 /* Project object */;
}
